
Microsoft Visual Studio Solution File, Format Version 12.00
# Visual Studio 2012
Project("{FAE04EC0-301F-11D3-BF4B-00C04F79EFBC}") = "Upnp", "Upnp\Upnp.csproj", "{56AF53EA-4F94-4D09-B595-DB5338906C89}"
EndProject
Project("{FAE04EC0-301F-11D3-BF4B-00C04F79EFBC}") = "Upnp.Tests", "Upnp.Tests\Upnp.Tests.csproj", "{AD6121C2-600D-4110-A9C0-3EA80622D013}"
EndProject
Global
	GlobalSection(SolutionConfigurationPlatforms) = preSolution
		Debug|Any CPU = Debug|Any CPU
		Debug|Mixed Platforms = Debug|Mixed Platforms
		Debug|x86 = Debug|x86
		Release|Any CPU = Release|Any CPU
		Release|Mixed Platforms = Release|Mixed Platforms
		Release|x86 = Release|x86
	EndGlobalSection
	GlobalSection(ProjectConfigurationPlatforms) = postSolution
		{56AF53EA-4F94-4D09-B595-DB5338906C89}.Debug|Any CPU.ActiveCfg = Debug|Any CPU
		{56AF53EA-4F94-4D09-B595-DB5338906C89}.Debug|Any CPU.Build.0 = Debug|Any CPU
		{56AF53EA-4F94-4D09-B595-DB5338906C89}.Debug|Mixed Platforms.ActiveCfg = Debug|Any CPU
		{56AF53EA-4F94-4D09-B595-DB5338906C89}.Debug|Mixed Platforms.Build.0 = Debug|Any CPU
		{56AF53EA-4F94-4D09-B595-DB5338906C89}.Debug|x86.ActiveCfg = Debug|Any CPU
		{56AF53EA-4F94-4D09-B595-DB5338906C89}.Release|Any CPU.ActiveCfg = Release|Any CPU
		{56AF53EA-4F94-4D09-B595-DB5338906C89}.Release|Any CPU.Build.0 = Release|Any CPU
		{56AF53EA-4F94-4D09-B595-DB5338906C89}.Release|Mixed Platforms.ActiveCfg = Release|Any CPU
		{56AF53EA-4F94-4D09-B595-DB5338906C89}.Release|Mixed Platforms.Build.0 = Release|Any CPU
		{56AF53EA-4F94-4D09-B595-DB5338906C89}.Release|x86.ActiveCfg = Release|Any CPU
		{AD6121C2-600D-4110-A9C0-3EA80622D013}.Debug|Any CPU.ActiveCfg = Debug|Any CPU
		{AD6121C2-600D-4110-A9C0-3EA80622D013}.Debug|Any CPU.Build.0 = Debug|Any CPU
		{AD6121C2-600D-4110-A9C0-3EA80622D013}.Debug|Mixed Platforms.ActiveCfg = Debug|Any CPU
		{AD6121C2-600D-4110-A9C0-3EA80622D013}.Debug|Mixed Platforms.Build.0 = Debug|Any CPU
		{AD6121C2-600D-4110-A9C0-3EA80622D013}.Debug|x86.ActiveCfg = Debug|Any CPU
		{AD6121C2-600D-4110-A9C0-3EA80622D013}.Release|Any CPU.ActiveCfg = Release|Any CPU
		{AD6121C2-600D-4110-A9C0-3EA80622D013}.Release|Any CPU.Build.0 = Release|Any CPU
		{AD6121C2-600D-4110-A9C0-3EA80622D013}.Release|Mixed Platforms.ActiveCfg = Release|Any CPU
		{AD6121C2-600D-4110-A9C0-3EA80622D013}.Release|Mixed Platforms.Build.0 = Release|Any CPU
		{AD6121C2-600D-4110-A9C0-3EA80622D013}.Release|x86.ActiveCfg = Release|Any CPU
	EndGlobalSection
	GlobalSection(SolutionProperties) = preSolution
		HideSolutionNode = FALSE
	EndGlobalSection
EndGlobal
